// !$*UTF8*$!
{
	archiveVersion = 1;
	classes = {
	};
	objectVersion = 48;
	objects = {

/* Begin PBXBuildFile section */
		19742AFCFE6CCF311F50C73F /* libPods-QRAppTests.a in Frameworks */ = {isa = PBXBuildFile; fileRef = 23C621D7DCE9B0022D657806 /* libPods-QRAppTests.a */; };
		221A745F20E06A9400D7A010 /* FireBaseManager.m in Sources */ = {isa = PBXBuildFile; fileRef = 221A745E20E06A9400D7A010 /* FireBaseManager.m */; };
		221A746120E06AAA00D7A010 /* GoogleService-Info.plist in Resources */ = {isa = PBXBuildFile; fileRef = 221A746020E06AAA00D7A010 /* GoogleService-Info.plist */; };
		221A746620E0718800D7A010 /* SpecificProductModel.m in Sources */ = {isa = PBXBuildFile; fileRef = 221A746320E0718700D7A010 /* SpecificProductModel.m */; };
		221A746720E0718800D7A010 /* GenericProductModel.m in Sources */ = {isa = PBXBuildFile; fileRef = 221A746520E0718800D7A010 /* GenericProductModel.m */; };
		221A746B20E0BCAB00D7A010 /* ConfirmViewController.m in Sources */ = {isa = PBXBuildFile; fileRef = 221A746A20E0BCAB00D7A010 /* ConfirmViewController.m */; };
		222034F520CAFEF200B42153 /* AuditorModel.m in Sources */ = {isa = PBXBuildFile; fileRef = 222034F420CAFEF200B42153 /* AuditorModel.m */; };
		222034F620CAFEF200B42153 /* AuditorModel.m in Sources */ = {isa = PBXBuildFile; fileRef = 222034F420CAFEF200B42153 /* AuditorModel.m */; };
		222034F720CAFEF200B42153 /* AuditorModel.m in Sources */ = {isa = PBXBuildFile; fileRef = 222034F420CAFEF200B42153 /* AuditorModel.m */; };
		222034FA20CBA5C500B42153 /* Barcode.m in Sources */ = {isa = PBXBuildFile; fileRef = 222034F820CBA5C400B42153 /* Barcode.m */; };
		222034FB20CBA5C500B42153 /* Barcode.m in Sources */ = {isa = PBXBuildFile; fileRef = 222034F820CBA5C400B42153 /* Barcode.m */; };
		222034FC20CBA5C500B42153 /* Barcode.m in Sources */ = {isa = PBXBuildFile; fileRef = 222034F820CBA5C400B42153 /* Barcode.m */; };
		222034FF20CBA5FD00B42153 /* ScannerViewController.m in Sources */ = {isa = PBXBuildFile; fileRef = 222034FE20CBA5FD00B42153 /* ScannerViewController.m */; };
		2220350020CBA5FD00B42153 /* ScannerViewController.m in Sources */ = {isa = PBXBuildFile; fileRef = 222034FE20CBA5FD00B42153 /* ScannerViewController.m */; };
		2220350120CBA5FD00B42153 /* ScannerViewController.m in Sources */ = {isa = PBXBuildFile; fileRef = 222034FE20CBA5FD00B42153 /* ScannerViewController.m */; };
		2220350420CBA6E100B42153 /* CoreFoundation.framework in Frameworks */ = {isa = PBXBuildFile; fileRef = 2220350320CBA6E100B42153 /* CoreFoundation.framework */; };
		2220350620CBA6EF00B42153 /* CoreGraphics.framework in Frameworks */ = {isa = PBXBuildFile; fileRef = 2220350520CBA6EF00B42153 /* CoreGraphics.framework */; };
		2220350820CBA6F900B42153 /* UIKit.framework in Frameworks */ = {isa = PBXBuildFile; fileRef = 2220350720CBA6F900B42153 /* UIKit.framework */; };
		2220350B20CBA71900B42153 /* SettingsViewController.m in Sources */ = {isa = PBXBuildFile; fileRef = 2220350920CBA71900B42153 /* SettingsViewController.m */; };
		2220350C20CBA71900B42153 /* SettingsViewController.m in Sources */ = {isa = PBXBuildFile; fileRef = 2220350920CBA71900B42153 /* SettingsViewController.m */; };
		2220350D20CBA71900B42153 /* SettingsViewController.m in Sources */ = {isa = PBXBuildFile; fileRef = 2220350920CBA71900B42153 /* SettingsViewController.m */; };
		2220350F20CBA8C700B42153 /* Foundation.framework in Frameworks */ = {isa = PBXBuildFile; fileRef = 2220350E20CBA8C700B42153 /* Foundation.framework */; };
		2220351220CC100700B42153 /* InspectionViewController.m in Sources */ = {isa = PBXBuildFile; fileRef = 2220351120CC100700B42153 /* InspectionViewController.m */; };
		2220351320CC100700B42153 /* InspectionViewController.m in Sources */ = {isa = PBXBuildFile; fileRef = 2220351120CC100700B42153 /* InspectionViewController.m */; };
		2220351420CC100700B42153 /* InspectionViewController.m in Sources */ = {isa = PBXBuildFile; fileRef = 2220351120CC100700B42153 /* InspectionViewController.m */; };
		2220351620CCC7FB00B42153 /* CoreData.framework in Frameworks */ = {isa = PBXBuildFile; fileRef = 2220351520CCC7FB00B42153 /* CoreData.framework */; };
		2220351A20CCC84E00B42153 /* CoreDataManager.m in Sources */ = {isa = PBXBuildFile; fileRef = 2220351920CCC84E00B42153 /* CoreDataManager.m */; };
		2220351B20CCC84E00B42153 /* CoreDataManager.m in Sources */ = {isa = PBXBuildFile; fileRef = 2220351920CCC84E00B42153 /* CoreDataManager.m */; };
		2220351C20CCC84E00B42153 /* CoreDataManager.m in Sources */ = {isa = PBXBuildFile; fileRef = 2220351920CCC84E00B42153 /* CoreDataManager.m */; };
		2220351F20CCC99900B42153 /* InspectionModel.m in Sources */ = {isa = PBXBuildFile; fileRef = 2220351E20CCC99900B42153 /* InspectionModel.m */; };
		2220352020CCC99900B42153 /* InspectionModel.m in Sources */ = {isa = PBXBuildFile; fileRef = 2220351E20CCC99900B42153 /* InspectionModel.m */; };
		2220352120CCC99900B42153 /* InspectionModel.m in Sources */ = {isa = PBXBuildFile; fileRef = 2220351E20CCC99900B42153 /* InspectionModel.m */; };
		2220352420CCCB4900B42153 /* ProductModel.m in Sources */ = {isa = PBXBuildFile; fileRef = 2220352320CCCB4900B42153 /* ProductModel.m */; };
		2220352520CCCB4900B42153 /* ProductModel.m in Sources */ = {isa = PBXBuildFile; fileRef = 2220352320CCCB4900B42153 /* ProductModel.m */; };
		2220352620CCCB4900B42153 /* ProductModel.m in Sources */ = {isa = PBXBuildFile; fileRef = 2220352320CCCB4900B42153 /* ProductModel.m */; };
		2281D9A420C6E6A300830683 /* AppDelegate.m in Sources */ = {isa = PBXBuildFile; fileRef = 2281D9A320C6E6A300830683 /* AppDelegate.m */; };
		2281D9A720C6E6A300830683 /* ViewController.m in Sources */ = {isa = PBXBuildFile; fileRef = 2281D9A620C6E6A300830683 /* ViewController.m */; };
		2281D9AA20C6E6A300830683 /* Main.storyboard in Resources */ = {isa = PBXBuildFile; fileRef = 2281D9A820C6E6A300830683 /* Main.storyboard */; };
		2281D9AD20C6E6A300830683 /* QRApp.xcdatamodeld in Sources */ = {isa = PBXBuildFile; fileRef = 2281D9AB20C6E6A300830683 /* QRApp.xcdatamodeld */; };
		2281D9AF20C6E6A300830683 /* Assets.xcassets in Resources */ = {isa = PBXBuildFile; fileRef = 2281D9AE20C6E6A300830683 /* Assets.xcassets */; };
		2281D9B220C6E6A300830683 /* LaunchScreen.storyboard in Resources */ = {isa = PBXBuildFile; fileRef = 2281D9B020C6E6A300830683 /* LaunchScreen.storyboard */; };
		2281D9B520C6E6A300830683 /* main.m in Sources */ = {isa = PBXBuildFile; fileRef = 2281D9B420C6E6A300830683 /* main.m */; };
		2281D9BF20C6E6A300830683 /* QRAppTests.m in Sources */ = {isa = PBXBuildFile; fileRef = 2281D9BE20C6E6A300830683 /* QRAppTests.m */; };
		2281D9CA20C6E6A300830683 /* QRAppUITests.m in Sources */ = {isa = PBXBuildFile; fileRef = 2281D9C920C6E6A300830683 /* QRAppUITests.m */; };
		22C79FAB20CEE650004EF7CF /* TableViewCell.m in Sources */ = {isa = PBXBuildFile; fileRef = 22C79FA920CEE650004EF7CF /* TableViewCell.m */; };
		22C79FAC20CEE650004EF7CF /* TableViewCell.xib in Resources */ = {isa = PBXBuildFile; fileRef = 22C79FAA20CEE650004EF7CF /* TableViewCell.xib */; };
		22C79FB020CF750A004EF7CF /* ERProgressHud.m in Sources */ = {isa = PBXBuildFile; fileRef = 22C79FAF20CF750A004EF7CF /* ERProgressHud.m */; };
		22C79FB120CF750A004EF7CF /* ERProgressHud.m in Sources */ = {isa = PBXBuildFile; fileRef = 22C79FAF20CF750A004EF7CF /* ERProgressHud.m */; };
		22C79FB220CF750A004EF7CF /* ERProgressHud.m in Sources */ = {isa = PBXBuildFile; fileRef = 22C79FAF20CF750A004EF7CF /* ERProgressHud.m */; };
		22C79FC520D01C3F004EF7CF /* GetInfoViewController.m in Sources */ = {isa = PBXBuildFile; fileRef = 22C79FC320D01C3F004EF7CF /* GetInfoViewController.m */; };
		22C79FC620D01C40004EF7CF /* GetInfoViewController.m in Sources */ = {isa = PBXBuildFile; fileRef = 22C79FC320D01C3F004EF7CF /* GetInfoViewController.m */; };
		22C79FC720D01C40004EF7CF /* GetInfoViewController.m in Sources */ = {isa = PBXBuildFile; fileRef = 22C79FC320D01C3F004EF7CF /* GetInfoViewController.m */; };
		22C79FC820D01C40004EF7CF /* GetInfoViewController.xib in Resources */ = {isa = PBXBuildFile; fileRef = 22C79FC420D01C3F004EF7CF /* GetInfoViewController.xib */; };
		22C79FC920D01C40004EF7CF /* GetInfoViewController.xib in Resources */ = {isa = PBXBuildFile; fileRef = 22C79FC420D01C3F004EF7CF /* GetInfoViewController.xib */; };
		22C79FCA20D01C40004EF7CF /* GetInfoViewController.xib in Resources */ = {isa = PBXBuildFile; fileRef = 22C79FC420D01C3F004EF7CF /* GetInfoViewController.xib */; };
		22CEF1A720C7065400C08582 /* QRCodeGenerator.m in Sources */ = {isa = PBXBuildFile; fileRef = 22CEF1A220C7065400C08582 /* QRCodeGenerator.m */; };
		22CEF1A820C7065400C08582 /* QRCodeGenerator.m in Sources */ = {isa = PBXBuildFile; fileRef = 22CEF1A220C7065400C08582 /* QRCodeGenerator.m */; };
		22CEF1A920C7065400C08582 /* QRCodeGenerator.m in Sources */ = {isa = PBXBuildFile; fileRef = 22CEF1A220C7065400C08582 /* QRCodeGenerator.m */; };
		22CEF1AA20C7065400C08582 /* NSString+Utils.m in Sources */ = {isa = PBXBuildFile; fileRef = 22CEF1A420C7065400C08582 /* NSString+Utils.m */; };
		22CEF1AB20C7065400C08582 /* NSString+Utils.m in Sources */ = {isa = PBXBuildFile; fileRef = 22CEF1A420C7065400C08582 /* NSString+Utils.m */; };
		22CEF1AC20C7065400C08582 /* NSString+Utils.m in Sources */ = {isa = PBXBuildFile; fileRef = 22CEF1A420C7065400C08582 /* NSString+Utils.m */; };
		22CEF1AD20C7065400C08582 /* CIColor+QRCode.m in Sources */ = {isa = PBXBuildFile; fileRef = 22CEF1A620C7065400C08582 /* CIColor+QRCode.m */; };
		22CEF1AE20C7065400C08582 /* CIColor+QRCode.m in Sources */ = {isa = PBXBuildFile; fileRef = 22CEF1A620C7065400C08582 /* CIColor+QRCode.m */; };
		22CEF1AF20C7065400C08582 /* CIColor+QRCode.m in Sources */ = {isa = PBXBuildFile; fileRef = 22CEF1A620C7065400C08582 /* CIColor+QRCode.m */; };
		22CEF1B420C7801900C08582 /* RegisterProductViewController.m in Sources */ = {isa = PBXBuildFile; fileRef = 22CEF1B320C7801900C08582 /* RegisterProductViewController.m */; };
		22CEF1B920C7804D00C08582 /* InitialViewController.m in Sources */ = {isa = PBXBuildFile; fileRef = 22CEF1B820C7804D00C08582 /* InitialViewController.m */; };
		22CEF1BD20C7A2AC00C08582 /* ItemViewController.m in Sources */ = {isa = PBXBuildFile; fileRef = 22CEF1BC20C7A2AC00C08582 /* ItemViewController.m */; };
		22CEF1C320C7A36500C08582 /* AuditoriaViewController.m in Sources */ = {isa = PBXBuildFile; fileRef = 22CEF1C220C7A36500C08582 /* AuditoriaViewController.m */; };
		22CEF1C620C7A37500C08582 /* SuccessViewController.m in Sources */ = {isa = PBXBuildFile; fileRef = 22CEF1C520C7A37500C08582 /* SuccessViewController.m */; };
		22D8029C20DDF77A000785D2 /* BarCodeModel.m in Sources */ = {isa = PBXBuildFile; fileRef = 22D8029B20DDF77A000785D2 /* BarCodeModel.m */; };
		22D8029F20DEC2F0000785D2 /* UserModel.m in Sources */ = {isa = PBXBuildFile; fileRef = 22D8029E20DEC2F0000785D2 /* UserModel.m */; };
		22D802A320DEC466000785D2 /* RegisterUserModalViewController.m in Sources */ = {isa = PBXBuildFile; fileRef = 22D802A120DEC466000785D2 /* RegisterUserModalViewController.m */; };
		22D802A420DEC466000785D2 /* RegisterUserModalViewController.xib in Resources */ = {isa = PBXBuildFile; fileRef = 22D802A220DEC466000785D2 /* RegisterUserModalViewController.xib */; };
		31400BECEE91C03464A349D5 /* libPods-QRApp.a in Frameworks */ = {isa = PBXBuildFile; fileRef = 8E4E1B430E42046D087B9965 /* libPods-QRApp.a */; };
		43714DBD6B2607FD78637550 /* libPods-QRAppUITests.a in Frameworks */ = {isa = PBXBuildFile; fileRef = 24A530A524AA71A65FAC8B90 /* libPods-QRAppUITests.a */; };
/* End PBXBuildFile section */

/* Begin PBXContainerItemProxy section */
		2281D9BB20C6E6A300830683 /* PBXContainerItemProxy */ = {
			isa = PBXContainerItemProxy;
			containerPortal = 2281D99720C6E6A300830683 /* Project object */;
			proxyType = 1;
			remoteGlobalIDString = 2281D99E20C6E6A300830683;
			remoteInfo = QRApp;
		};
		2281D9C620C6E6A300830683 /* PBXContainerItemProxy */ = {
			isa = PBXContainerItemProxy;
			containerPortal = 2281D99720C6E6A300830683 /* Project object */;
			proxyType = 1;
			remoteGlobalIDString = 2281D99E20C6E6A300830683;
			remoteInfo = QRApp;
		};
/* End PBXContainerItemProxy section */

/* Begin PBXFileReference section */
		22191C9420C8A4790042A917 /* ItemModel.geojson */ = {isa = PBXFileReference; lastKnownFileType = text; path = ItemModel.geojson; sourceTree = "<group>"; };
		221A745D20E06A9400D7A010 /* FireBaseManager.h */ = {isa = PBXFileReference; fileEncoding = 4; lastKnownFileType = sourcecode.c.h; path = FireBaseManager.h; sourceTree = "<group>"; };
		221A745E20E06A9400D7A010 /* FireBaseManager.m */ = {isa = PBXFileReference; fileEncoding = 4; lastKnownFileType = sourcecode.c.objc; path = FireBaseManager.m; sourceTree = "<group>"; };
		221A746020E06AAA00D7A010 /* GoogleService-Info.plist */ = {isa = PBXFileReference; fileEncoding = 4; lastKnownFileType = text.plist.xml; path = "GoogleService-Info.plist"; sourceTree = "<group>"; };
		221A746220E0718700D7A010 /* GenericProductModel.h */ = {isa = PBXFileReference; fileEncoding = 4; lastKnownFileType = sourcecode.c.h; path = GenericProductModel.h; sourceTree = "<group>"; };
		221A746320E0718700D7A010 /* SpecificProductModel.m */ = {isa = PBXFileReference; fileEncoding = 4; lastKnownFileType = sourcecode.c.objc; path = SpecificProductModel.m; sourceTree = "<group>"; };
		221A746420E0718800D7A010 /* SpecificProductModel.h */ = {isa = PBXFileReference; fileEncoding = 4; lastKnownFileType = sourcecode.c.h; path = SpecificProductModel.h; sourceTree = "<group>"; };
		221A746520E0718800D7A010 /* GenericProductModel.m */ = {isa = PBXFileReference; fileEncoding = 4; lastKnownFileType = sourcecode.c.objc; path = GenericProductModel.m; sourceTree = "<group>"; };
		221A746920E0BCAB00D7A010 /* ConfirmViewController.h */ = {isa = PBXFileReference; lastKnownFileType = sourcecode.c.h; path = ConfirmViewController.h; sourceTree = "<group>"; };
		221A746A20E0BCAB00D7A010 /* ConfirmViewController.m */ = {isa = PBXFileReference; lastKnownFileType = sourcecode.c.objc; path = ConfirmViewController.m; sourceTree = "<group>"; };
		222034F320CAFEF200B42153 /* AuditorModel.h */ = {isa = PBXFileReference; lastKnownFileType = sourcecode.c.h; path = AuditorModel.h; sourceTree = "<group>"; };
		222034F420CAFEF200B42153 /* AuditorModel.m */ = {isa = PBXFileReference; lastKnownFileType = sourcecode.c.objc; path = AuditorModel.m; sourceTree = "<group>"; };
		222034F820CBA5C400B42153 /* Barcode.m */ = {isa = PBXFileReference; fileEncoding = 4; lastKnownFileType = sourcecode.c.objc; path = Barcode.m; sourceTree = "<group>"; };
		222034F920CBA5C500B42153 /* Barcode.h */ = {isa = PBXFileReference; fileEncoding = 4; lastKnownFileType = sourcecode.c.h; path = Barcode.h; sourceTree = "<group>"; };
		222034FD20CBA5FD00B42153 /* ScannerViewController.h */ = {isa = PBXFileReference; fileEncoding = 4; lastKnownFileType = sourcecode.c.h; path = ScannerViewController.h; sourceTree = "<group>"; };
		222034FE20CBA5FD00B42153 /* ScannerViewController.m */ = {isa = PBXFileReference; fileEncoding = 4; lastKnownFileType = sourcecode.c.objc; path = ScannerViewController.m; sourceTree = "<group>"; };
		2220350320CBA6E100B42153 /* CoreFoundation.framework */ = {isa = PBXFileReference; lastKnownFileType = wrapper.framework; name = CoreFoundation.framework; path = System/Library/Frameworks/CoreFoundation.framework; sourceTree = SDKROOT; };
		2220350520CBA6EF00B42153 /* CoreGraphics.framework */ = {isa = PBXFileReference; lastKnownFileType = wrapper.framework; name = CoreGraphics.framework; path = System/Library/Frameworks/CoreGraphics.framework; sourceTree = SDKROOT; };
		2220350720CBA6F900B42153 /* UIKit.framework */ = {isa = PBXFileReference; lastKnownFileType = wrapper.framework; name = UIKit.framework; path = System/Library/Frameworks/UIKit.framework; sourceTree = SDKROOT; };
		2220350920CBA71900B42153 /* SettingsViewController.m */ = {isa = PBXFileReference; fileEncoding = 4; lastKnownFileType = sourcecode.c.objc; path = SettingsViewController.m; sourceTree = "<group>"; };
		2220350A20CBA71900B42153 /* SettingsViewController.h */ = {isa = PBXFileReference; fileEncoding = 4; lastKnownFileType = sourcecode.c.h; path = SettingsViewController.h; sourceTree = "<group>"; };
		2220350E20CBA8C700B42153 /* Foundation.framework */ = {isa = PBXFileReference; lastKnownFileType = wrapper.framework; name = Foundation.framework; path = System/Library/Frameworks/Foundation.framework; sourceTree = SDKROOT; };
		2220351020CC100700B42153 /* InspectionViewController.h */ = {isa = PBXFileReference; lastKnownFileType = sourcecode.c.h; path = InspectionViewController.h; sourceTree = "<group>"; };
		2220351120CC100700B42153 /* InspectionViewController.m */ = {isa = PBXFileReference; lastKnownFileType = sourcecode.c.objc; path = InspectionViewController.m; sourceTree = "<group>"; };
		2220351520CCC7FB00B42153 /* CoreData.framework */ = {isa = PBXFileReference; lastKnownFileType = wrapper.framework; name = CoreData.framework; path = System/Library/Frameworks/CoreData.framework; sourceTree = SDKROOT; };
		2220351820CCC84E00B42153 /* CoreDataManager.h */ = {isa = PBXFileReference; lastKnownFileType = sourcecode.c.h; path = CoreDataManager.h; sourceTree = "<group>"; };
		2220351920CCC84E00B42153 /* CoreDataManager.m */ = {isa = PBXFileReference; lastKnownFileType = sourcecode.c.objc; path = CoreDataManager.m; sourceTree = "<group>"; };
		2220351D20CCC99900B42153 /* InspectionModel.h */ = {isa = PBXFileReference; lastKnownFileType = sourcecode.c.h; path = InspectionModel.h; sourceTree = "<group>"; };
		2220351E20CCC99900B42153 /* InspectionModel.m */ = {isa = PBXFileReference; lastKnownFileType = sourcecode.c.objc; path = InspectionModel.m; sourceTree = "<group>"; };
		2220352220CCCB4900B42153 /* ProductModel.h */ = {isa = PBXFileReference; lastKnownFileType = sourcecode.c.h; path = ProductModel.h; sourceTree = "<group>"; };
		2220352320CCCB4900B42153 /* ProductModel.m */ = {isa = PBXFileReference; lastKnownFileType = sourcecode.c.objc; path = ProductModel.m; sourceTree = "<group>"; };
		2281D99F20C6E6A300830683 /* QRApp.app */ = {isa = PBXFileReference; explicitFileType = wrapper.application; includeInIndex = 0; path = QRApp.app; sourceTree = BUILT_PRODUCTS_DIR; };
		2281D9A220C6E6A300830683 /* AppDelegate.h */ = {isa = PBXFileReference; lastKnownFileType = sourcecode.c.h; path = AppDelegate.h; sourceTree = "<group>"; };
		2281D9A320C6E6A300830683 /* AppDelegate.m */ = {isa = PBXFileReference; lastKnownFileType = sourcecode.c.objc; path = AppDelegate.m; sourceTree = "<group>"; };
		2281D9A520C6E6A300830683 /* ViewController.h */ = {isa = PBXFileReference; lastKnownFileType = sourcecode.c.h; path = ViewController.h; sourceTree = "<group>"; };
		2281D9A620C6E6A300830683 /* ViewController.m */ = {isa = PBXFileReference; lastKnownFileType = sourcecode.c.objc; path = ViewController.m; sourceTree = "<group>"; };
		2281D9A920C6E6A300830683 /* Base */ = {isa = PBXFileReference; lastKnownFileType = file.storyboard; name = Base; path = Base.lproj/Main.storyboard; sourceTree = "<group>"; };
		2281D9AC20C6E6A300830683 /* QRApp.xcdatamodel */ = {isa = PBXFileReference; lastKnownFileType = wrapper.xcdatamodel; path = QRApp.xcdatamodel; sourceTree = "<group>"; };
		2281D9AE20C6E6A300830683 /* Assets.xcassets */ = {isa = PBXFileReference; lastKnownFileType = folder.assetcatalog; path = Assets.xcassets; sourceTree = "<group>"; };
		2281D9B120C6E6A300830683 /* Base */ = {isa = PBXFileReference; lastKnownFileType = file.storyboard; name = Base; path = Base.lproj/LaunchScreen.storyboard; sourceTree = "<group>"; };
		2281D9B320C6E6A300830683 /* Info.plist */ = {isa = PBXFileReference; lastKnownFileType = text.plist.xml; path = Info.plist; sourceTree = "<group>"; };
		2281D9B420C6E6A300830683 /* main.m */ = {isa = PBXFileReference; lastKnownFileType = sourcecode.c.objc; path = main.m; sourceTree = "<group>"; };
		2281D9BA20C6E6A300830683 /* QRAppTests.xctest */ = {isa = PBXFileReference; explicitFileType = wrapper.cfbundle; includeInIndex = 0; path = QRAppTests.xctest; sourceTree = BUILT_PRODUCTS_DIR; };
		2281D9BE20C6E6A300830683 /* QRAppTests.m */ = {isa = PBXFileReference; lastKnownFileType = sourcecode.c.objc; path = QRAppTests.m; sourceTree = "<group>"; };
		2281D9C020C6E6A300830683 /* Info.plist */ = {isa = PBXFileReference; lastKnownFileType = text.plist.xml; path = Info.plist; sourceTree = "<group>"; };
		2281D9C520C6E6A300830683 /* QRAppUITests.xctest */ = {isa = PBXFileReference; explicitFileType = wrapper.cfbundle; includeInIndex = 0; path = QRAppUITests.xctest; sourceTree = BUILT_PRODUCTS_DIR; };
		2281D9C920C6E6A300830683 /* QRAppUITests.m */ = {isa = PBXFileReference; lastKnownFileType = sourcecode.c.objc; path = QRAppUITests.m; sourceTree = "<group>"; };
		2281D9CB20C6E6A300830683 /* Info.plist */ = {isa = PBXFileReference; lastKnownFileType = text.plist.xml; path = Info.plist; sourceTree = "<group>"; };
		22C79FA820CEE650004EF7CF /* TableViewCell.h */ = {isa = PBXFileReference; lastKnownFileType = sourcecode.c.h; path = TableViewCell.h; sourceTree = "<group>"; };
		22C79FA920CEE650004EF7CF /* TableViewCell.m */ = {isa = PBXFileReference; lastKnownFileType = sourcecode.c.objc; path = TableViewCell.m; sourceTree = "<group>"; };
		22C79FAA20CEE650004EF7CF /* TableViewCell.xib */ = {isa = PBXFileReference; lastKnownFileType = file.xib; path = TableViewCell.xib; sourceTree = "<group>"; };
		22C79FAE20CF750A004EF7CF /* ERProgressHud.h */ = {isa = PBXFileReference; fileEncoding = 4; lastKnownFileType = sourcecode.c.h; path = ERProgressHud.h; sourceTree = "<group>"; };
		22C79FAF20CF750A004EF7CF /* ERProgressHud.m */ = {isa = PBXFileReference; fileEncoding = 4; lastKnownFileType = sourcecode.c.objc; path = ERProgressHud.m; sourceTree = "<group>"; };
		22C79FC220D01C3F004EF7CF /* GetInfoViewController.h */ = {isa = PBXFileReference; lastKnownFileType = sourcecode.c.h; path = GetInfoViewController.h; sourceTree = "<group>"; };
		22C79FC320D01C3F004EF7CF /* GetInfoViewController.m */ = {isa = PBXFileReference; lastKnownFileType = sourcecode.c.objc; path = GetInfoViewController.m; sourceTree = "<group>"; };
		22C79FC420D01C3F004EF7CF /* GetInfoViewController.xib */ = {isa = PBXFileReference; lastKnownFileType = file.xib; path = GetInfoViewController.xib; sourceTree = "<group>"; };
		22CEF1A120C7065400C08582 /* CIColor+QRCode.h */ = {isa = PBXFileReference; fileEncoding = 4; lastKnownFileType = sourcecode.c.h; path = "CIColor+QRCode.h"; sourceTree = "<group>"; };
		22CEF1A220C7065400C08582 /* QRCodeGenerator.m */ = {isa = PBXFileReference; fileEncoding = 4; lastKnownFileType = sourcecode.c.objc; path = QRCodeGenerator.m; sourceTree = "<group>"; };
		22CEF1A320C7065400C08582 /* NSString+Utils.h */ = {isa = PBXFileReference; fileEncoding = 4; lastKnownFileType = sourcecode.c.h; path = "NSString+Utils.h"; sourceTree = "<group>"; };
		22CEF1A420C7065400C08582 /* NSString+Utils.m */ = {isa = PBXFileReference; fileEncoding = 4; lastKnownFileType = sourcecode.c.objc; path = "NSString+Utils.m"; sourceTree = "<group>"; };
		22CEF1A520C7065400C08582 /* QRCodeGenerator.h */ = {isa = PBXFileReference; fileEncoding = 4; lastKnownFileType = sourcecode.c.h; path = QRCodeGenerator.h; sourceTree = "<group>"; };
		22CEF1A620C7065400C08582 /* CIColor+QRCode.m */ = {isa = PBXFileReference; fileEncoding = 4; lastKnownFileType = sourcecode.c.objc; path = "CIColor+QRCode.m"; sourceTree = "<group>"; };
		22CEF1B220C7801900C08582 /* RegisterProductViewController.h */ = {isa = PBXFileReference; lastKnownFileType = sourcecode.c.h; path = RegisterProductViewController.h; sourceTree = "<group>"; };
		22CEF1B320C7801900C08582 /* RegisterProductViewController.m */ = {isa = PBXFileReference; lastKnownFileType = sourcecode.c.objc; path = RegisterProductViewController.m; sourceTree = "<group>"; };
		22CEF1B720C7804D00C08582 /* InitialViewController.h */ = {isa = PBXFileReference; lastKnownFileType = sourcecode.c.h; path = InitialViewController.h; sourceTree = "<group>"; };
		22CEF1B820C7804D00C08582 /* InitialViewController.m */ = {isa = PBXFileReference; lastKnownFileType = sourcecode.c.objc; path = InitialViewController.m; sourceTree = "<group>"; };
		22CEF1BB20C7A2AC00C08582 /* ItemViewController.h */ = {isa = PBXFileReference; lastKnownFileType = sourcecode.c.h; path = ItemViewController.h; sourceTree = "<group>"; };
		22CEF1BC20C7A2AC00C08582 /* ItemViewController.m */ = {isa = PBXFileReference; lastKnownFileType = sourcecode.c.objc; path = ItemViewController.m; sourceTree = "<group>"; };
		22CEF1C120C7A36500C08582 /* AuditoriaViewController.h */ = {isa = PBXFileReference; lastKnownFileType = sourcecode.c.h; path = AuditoriaViewController.h; sourceTree = "<group>"; };
		22CEF1C220C7A36500C08582 /* AuditoriaViewController.m */ = {isa = PBXFileReference; lastKnownFileType = sourcecode.c.objc; path = AuditoriaViewController.m; sourceTree = "<group>"; };
		22CEF1C420C7A37500C08582 /* SuccessViewController.h */ = {isa = PBXFileReference; lastKnownFileType = sourcecode.c.h; path = SuccessViewController.h; sourceTree = "<group>"; };
		22CEF1C520C7A37500C08582 /* SuccessViewController.m */ = {isa = PBXFileReference; lastKnownFileType = sourcecode.c.objc; path = SuccessViewController.m; sourceTree = "<group>"; };
		22D8029A20DDF77A000785D2 /* BarCodeModel.h */ = {isa = PBXFileReference; lastKnownFileType = sourcecode.c.h; path = BarCodeModel.h; sourceTree = "<group>"; };
		22D8029B20DDF77A000785D2 /* BarCodeModel.m */ = {isa = PBXFileReference; lastKnownFileType = sourcecode.c.objc; path = BarCodeModel.m; sourceTree = "<group>"; };
		22D8029D20DEC2F0000785D2 /* UserModel.h */ = {isa = PBXFileReference; lastKnownFileType = sourcecode.c.h; path = UserModel.h; sourceTree = "<group>"; };
		22D8029E20DEC2F0000785D2 /* UserModel.m */ = {isa = PBXFileReference; lastKnownFileType = sourcecode.c.objc; path = UserModel.m; sourceTree = "<group>"; };
		22D802A020DEC466000785D2 /* RegisterUserModalViewController.h */ = {isa = PBXFileReference; lastKnownFileType = sourcecode.c.h; path = RegisterUserModalViewController.h; sourceTree = "<group>"; };
		22D802A120DEC466000785D2 /* RegisterUserModalViewController.m */ = {isa = PBXFileReference; lastKnownFileType = sourcecode.c.objc; path = RegisterUserModalViewController.m; sourceTree = "<group>"; };
		22D802A220DEC466000785D2 /* RegisterUserModalViewController.xib */ = {isa = PBXFileReference; lastKnownFileType = file.xib; path = RegisterUserModalViewController.xib; sourceTree = "<group>"; };
		23C621D7DCE9B0022D657806 /* libPods-QRAppTests.a */ = {isa = PBXFileReference; explicitFileType = archive.ar; includeInIndex = 0; path = "libPods-QRAppTests.a"; sourceTree = BUILT_PRODUCTS_DIR; };
		24A530A524AA71A65FAC8B90 /* libPods-QRAppUITests.a */ = {isa = PBXFileReference; explicitFileType = archive.ar; includeInIndex = 0; path = "libPods-QRAppUITests.a"; sourceTree = BUILT_PRODUCTS_DIR; };
		255B6DE389BDAA927A80DA10 /* Pods-QRAppTests.debug.xcconfig */ = {isa = PBXFileReference; includeInIndex = 1; lastKnownFileType = text.xcconfig; name = "Pods-QRAppTests.debug.xcconfig"; path = "Pods/Target Support Files/Pods-QRAppTests/Pods-QRAppTests.debug.xcconfig"; sourceTree = "<group>"; };
		2A5C61D32705877B8E9BAD74 /* Pods-QRAppTests.release.xcconfig */ = {isa = PBXFileReference; includeInIndex = 1; lastKnownFileType = text.xcconfig; name = "Pods-QRAppTests.release.xcconfig"; path = "Pods/Target Support Files/Pods-QRAppTests/Pods-QRAppTests.release.xcconfig"; sourceTree = "<group>"; };
		6EE284A58353D5C5D85C161E /* Pods-QRAppUITests.debug.xcconfig */ = {isa = PBXFileReference; includeInIndex = 1; lastKnownFileType = text.xcconfig; name = "Pods-QRAppUITests.debug.xcconfig"; path = "Pods/Target Support Files/Pods-QRAppUITests/Pods-QRAppUITests.debug.xcconfig"; sourceTree = "<group>"; };
		8E4E1B430E42046D087B9965 /* libPods-QRApp.a */ = {isa = PBXFileReference; explicitFileType = archive.ar; includeInIndex = 0; path = "libPods-QRApp.a"; sourceTree = BUILT_PRODUCTS_DIR; };
		B0B5CAFD7087C28148BD060D /* Pods-QRApp.debug.xcconfig */ = {isa = PBXFileReference; includeInIndex = 1; lastKnownFileType = text.xcconfig; name = "Pods-QRApp.debug.xcconfig"; path = "Pods/Target Support Files/Pods-QRApp/Pods-QRApp.debug.xcconfig"; sourceTree = "<group>"; };
		B4A6EBF4DC12514978CA2297 /* Pods-QRApp.release.xcconfig */ = {isa = PBXFileReference; includeInIndex = 1; lastKnownFileType = text.xcconfig; name = "Pods-QRApp.release.xcconfig"; path = "Pods/Target Support Files/Pods-QRApp/Pods-QRApp.release.xcconfig"; sourceTree = "<group>"; };
		C9348A1A7CDE665C239642D9 /* Pods-QRAppUITests.release.xcconfig */ = {isa = PBXFileReference; includeInIndex = 1; lastKnownFileType = text.xcconfig; name = "Pods-QRAppUITests.release.xcconfig"; path = "Pods/Target Support Files/Pods-QRAppUITests/Pods-QRAppUITests.release.xcconfig"; sourceTree = "<group>"; };
/* End PBXFileReference section */

/* Begin PBXFrameworksBuildPhase section */
		2281D99C20C6E6A300830683 /* Frameworks */ = {
			isa = PBXFrameworksBuildPhase;
			buildActionMask = 2147483647;
			files = (
				2220351620CCC7FB00B42153 /* CoreData.framework in Frameworks */,
				2220350F20CBA8C700B42153 /* Foundation.framework in Frameworks */,
				2220350820CBA6F900B42153 /* UIKit.framework in Frameworks */,
				2220350620CBA6EF00B42153 /* CoreGraphics.framework in Frameworks */,
				2220350420CBA6E100B42153 /* CoreFoundation.framework in Frameworks */,
				31400BECEE91C03464A349D5 /* libPods-QRApp.a in Frameworks */,
			);
			runOnlyForDeploymentPostprocessing = 0;
		};
		2281D9B720C6E6A300830683 /* Frameworks */ = {
			isa = PBXFrameworksBuildPhase;
			buildActionMask = 2147483647;
			files = (
				19742AFCFE6CCF311F50C73F /* libPods-QRAppTests.a in Frameworks */,
			);
			runOnlyForDeploymentPostprocessing = 0;
		};
		2281D9C220C6E6A300830683 /* Frameworks */ = {
			isa = PBXFrameworksBuildPhase;
			buildActionMask = 2147483647;
			files = (
				43714DBD6B2607FD78637550 /* libPods-QRAppUITests.a in Frameworks */,
			);
			runOnlyForDeploymentPostprocessing = 0;
		};
/* End PBXFrameworksBuildPhase section */

/* Begin PBXGroup section */
		22191C9320C8A44A0042A917 /* Models */ = {
			isa = PBXGroup;
			children = (
				221A746220E0718700D7A010 /* GenericProductModel.h */,
				221A746520E0718800D7A010 /* GenericProductModel.m */,
				221A746420E0718800D7A010 /* SpecificProductModel.h */,
				221A746320E0718700D7A010 /* SpecificProductModel.m */,
				22191C9420C8A4790042A917 /* ItemModel.geojson */,
				222034F320CAFEF200B42153 /* AuditorModel.h */,
				222034F420CAFEF200B42153 /* AuditorModel.m */,
				2220351D20CCC99900B42153 /* InspectionModel.h */,
				2220351E20CCC99900B42153 /* InspectionModel.m */,
				2220352220CCCB4900B42153 /* ProductModel.h */,
				2220352320CCCB4900B42153 /* ProductModel.m */,
				22D8029A20DDF77A000785D2 /* BarCodeModel.h */,
				22D8029B20DDF77A000785D2 /* BarCodeModel.m */,
				22D8029D20DEC2F0000785D2 /* UserModel.h */,
				22D8029E20DEC2F0000785D2 /* UserModel.m */,
			);
			path = Models;
			sourceTree = "<group>";
		};
		221A745C20E06A5A00D7A010 /* FireBaseManager */ = {
			isa = PBXGroup;
			children = (
				221A746020E06AAA00D7A010 /* GoogleService-Info.plist */,
				221A745D20E06A9400D7A010 /* FireBaseManager.h */,
				221A745E20E06A9400D7A010 /* FireBaseManager.m */,
			);
			path = FireBaseManager;
			sourceTree = "<group>";
		};
		221A746820E0BC7F00D7A010 /* Confirm */ = {
			isa = PBXGroup;
			children = (
				221A746920E0BCAB00D7A010 /* ConfirmViewController.h */,
				221A746A20E0BCAB00D7A010 /* ConfirmViewController.m */,
			);
			path = Confirm;
			sourceTree = "<group>";
		};
		2220350220CBA6E000B42153 /* Frameworks */ = {
			isa = PBXGroup;
			children = (
				2220351520CCC7FB00B42153 /* CoreData.framework */,
				2220350E20CBA8C700B42153 /* Foundation.framework */,
				2220350720CBA6F900B42153 /* UIKit.framework */,
				2220350520CBA6EF00B42153 /* CoreGraphics.framework */,
				2220350320CBA6E100B42153 /* CoreFoundation.framework */,
				8E4E1B430E42046D087B9965 /* libPods-QRApp.a */,
				23C621D7DCE9B0022D657806 /* libPods-QRAppTests.a */,
				24A530A524AA71A65FAC8B90 /* libPods-QRAppUITests.a */,
			);
			name = Frameworks;
			sourceTree = "<group>";
		};
		2220351720CCC80E00B42153 /* CoreDataManager */ = {
			isa = PBXGroup;
			children = (
				2220351820CCC84E00B42153 /* CoreDataManager.h */,
				2220351920CCC84E00B42153 /* CoreDataManager.m */,
			);
			path = CoreDataManager;
			sourceTree = "<group>";
		};
		2281D99620C6E6A300830683 = {
			isa = PBXGroup;
			children = (
				2281D9A120C6E6A300830683 /* QRApp */,
				2281D9BD20C6E6A300830683 /* QRAppTests */,
				2281D9C820C6E6A300830683 /* QRAppUITests */,
				2281D9A020C6E6A300830683 /* Products */,
				2220350220CBA6E000B42153 /* Frameworks */,
				8AF4AFEAE9940FE1589E73BF /* Pods */,
			);
			sourceTree = "<group>";
		};
		2281D9A020C6E6A300830683 /* Products */ = {
			isa = PBXGroup;
			children = (
				2281D99F20C6E6A300830683 /* QRApp.app */,
				2281D9BA20C6E6A300830683 /* QRAppTests.xctest */,
				2281D9C520C6E6A300830683 /* QRAppUITests.xctest */,
			);
			name = Products;
			sourceTree = "<group>";
		};
		2281D9A120C6E6A300830683 /* QRApp */ = {
			isa = PBXGroup;
			children = (
				221A745C20E06A5A00D7A010 /* FireBaseManager */,
				22C79FAD20CF74A5004EF7CF /* LoadingView */,
				2220351720CCC80E00B42153 /* CoreDataManager */,
				22191C9320C8A44A0042A917 /* Models */,
				22CEF1B120C77E3300C08582 /* Secctions */,
				22CEF1B020C70B5100C08582 /* QRReader */,
				22CEF1A020C7062C00C08582 /* QRGenerator */,
				2281D9A220C6E6A300830683 /* AppDelegate.h */,
				2281D9A320C6E6A300830683 /* AppDelegate.m */,
				2281D9A520C6E6A300830683 /* ViewController.h */,
				2281D9A620C6E6A300830683 /* ViewController.m */,
				2281D9A820C6E6A300830683 /* Main.storyboard */,
				2281D9AE20C6E6A300830683 /* Assets.xcassets */,
				2281D9B020C6E6A300830683 /* LaunchScreen.storyboard */,
				2281D9B320C6E6A300830683 /* Info.plist */,
				2281D9B420C6E6A300830683 /* main.m */,
				2281D9AB20C6E6A300830683 /* QRApp.xcdatamodeld */,
			);
			path = QRApp;
			sourceTree = "<group>";
		};
		2281D9BD20C6E6A300830683 /* QRAppTests */ = {
			isa = PBXGroup;
			children = (
				2281D9BE20C6E6A300830683 /* QRAppTests.m */,
				2281D9C020C6E6A300830683 /* Info.plist */,
			);
			path = QRAppTests;
			sourceTree = "<group>";
		};
		2281D9C820C6E6A300830683 /* QRAppUITests */ = {
			isa = PBXGroup;
			children = (
				2281D9C920C6E6A300830683 /* QRAppUITests.m */,
				2281D9CB20C6E6A300830683 /* Info.plist */,
			);
			path = QRAppUITests;
			sourceTree = "<group>";
		};
		22C79FA720CED993004EF7CF /* cellItem */ = {
			isa = PBXGroup;
			children = (
				22C79FA820CEE650004EF7CF /* TableViewCell.h */,
				22C79FA920CEE650004EF7CF /* TableViewCell.m */,
				22C79FAA20CEE650004EF7CF /* TableViewCell.xib */,
			);
			path = cellItem;
			sourceTree = "<group>";
		};
		22C79FAD20CF74A5004EF7CF /* LoadingView */ = {
			isa = PBXGroup;
			children = (
				22C79FAE20CF750A004EF7CF /* ERProgressHud.h */,
				22C79FAF20CF750A004EF7CF /* ERProgressHud.m */,
			);
			path = LoadingView;
			sourceTree = "<group>";
		};
		22C79FB320D01720004EF7CF /* Modal */ = {
			isa = PBXGroup;
			children = (
				22C79FC220D01C3F004EF7CF /* GetInfoViewController.h */,
				22C79FC320D01C3F004EF7CF /* GetInfoViewController.m */,
				22C79FC420D01C3F004EF7CF /* GetInfoViewController.xib */,
				22D802A020DEC466000785D2 /* RegisterUserModalViewController.h */,
				22D802A120DEC466000785D2 /* RegisterUserModalViewController.m */,
				22D802A220DEC466000785D2 /* RegisterUserModalViewController.xib */,
			);
			path = Modal;
			sourceTree = "<group>";
		};
		22CEF1A020C7062C00C08582 /* QRGenerator */ = {
			isa = PBXGroup;
			children = (
				22CEF1A120C7065400C08582 /* CIColor+QRCode.h */,
				22CEF1A620C7065400C08582 /* CIColor+QRCode.m */,
				22CEF1A320C7065400C08582 /* NSString+Utils.h */,
				22CEF1A420C7065400C08582 /* NSString+Utils.m */,
				22CEF1A520C7065400C08582 /* QRCodeGenerator.h */,
				22CEF1A220C7065400C08582 /* QRCodeGenerator.m */,
			);
			path = QRGenerator;
			sourceTree = "<group>";
		};
		22CEF1B020C70B5100C08582 /* QRReader */ = {
			isa = PBXGroup;
			children = (
				2220350A20CBA71900B42153 /* SettingsViewController.h */,
				2220350920CBA71900B42153 /* SettingsViewController.m */,
				222034FD20CBA5FD00B42153 /* ScannerViewController.h */,
				222034FE20CBA5FD00B42153 /* ScannerViewController.m */,
				222034F920CBA5C500B42153 /* Barcode.h */,
				222034F820CBA5C400B42153 /* Barcode.m */,
			);
			path = QRReader;
			sourceTree = "<group>";
		};
		22CEF1B120C77E3300C08582 /* Secctions */ = {
			isa = PBXGroup;
			children = (
				221A746820E0BC7F00D7A010 /* Confirm */,
				22C79FB320D01720004EF7CF /* Modal */,
				22CEF1BE20C7A32700C08582 /* Auditorias */,
				22CEF1BA20C7A26B00C08582 /* Items */,
				22CEF1B620C7803200C08582 /* InitialViewcontroller */,
				22CEF1B520C7802200C08582 /* Register */,
				2220351020CC100700B42153 /* InspectionViewController.h */,
				2220351120CC100700B42153 /* InspectionViewController.m */,
			);
			path = Secctions;
			sourceTree = "<group>";
		};
		22CEF1B520C7802200C08582 /* Register */ = {
			isa = PBXGroup;
			children = (
				22CEF1B220C7801900C08582 /* RegisterProductViewController.h */,
				22CEF1B320C7801900C08582 /* RegisterProductViewController.m */,
			);
			path = Register;
			sourceTree = "<group>";
		};
		22CEF1B620C7803200C08582 /* InitialViewcontroller */ = {
			isa = PBXGroup;
			children = (
				22CEF1B720C7804D00C08582 /* InitialViewController.h */,
				22CEF1B820C7804D00C08582 /* InitialViewController.m */,
			);
			path = InitialViewcontroller;
			sourceTree = "<group>";
		};
		22CEF1BA20C7A26B00C08582 /* Items */ = {
			isa = PBXGroup;
			children = (
				22C79FA720CED993004EF7CF /* cellItem */,
				22CEF1BB20C7A2AC00C08582 /* ItemViewController.h */,
				22CEF1BC20C7A2AC00C08582 /* ItemViewController.m */,
			);
			path = Items;
			sourceTree = "<group>";
		};
		22CEF1BE20C7A32700C08582 /* Auditorias */ = {
			isa = PBXGroup;
			children = (
				22CEF1C020C7A35000C08582 /* Success */,
				22CEF1BF20C7A34600C08582 /* Auditoria */,
			);
			path = Auditorias;
			sourceTree = "<group>";
		};
		22CEF1BF20C7A34600C08582 /* Auditoria */ = {
			isa = PBXGroup;
			children = (
				22CEF1C120C7A36500C08582 /* AuditoriaViewController.h */,
				22CEF1C220C7A36500C08582 /* AuditoriaViewController.m */,
			);
			path = Auditoria;
			sourceTree = "<group>";
		};
		22CEF1C020C7A35000C08582 /* Success */ = {
			isa = PBXGroup;
			children = (
				22CEF1C420C7A37500C08582 /* SuccessViewController.h */,
				22CEF1C520C7A37500C08582 /* SuccessViewController.m */,
			);
			path = Success;
			sourceTree = "<group>";
		};
		8AF4AFEAE9940FE1589E73BF /* Pods */ = {
			isa = PBXGroup;
			children = (
				B0B5CAFD7087C28148BD060D /* Pods-QRApp.debug.xcconfig */,
				B4A6EBF4DC12514978CA2297 /* Pods-QRApp.release.xcconfig */,
				255B6DE389BDAA927A80DA10 /* Pods-QRAppTests.debug.xcconfig */,
				2A5C61D32705877B8E9BAD74 /* Pods-QRAppTests.release.xcconfig */,
				6EE284A58353D5C5D85C161E /* Pods-QRAppUITests.debug.xcconfig */,
				C9348A1A7CDE665C239642D9 /* Pods-QRAppUITests.release.xcconfig */,
			);
			name = Pods;
			sourceTree = "<group>";
		};
/* End PBXGroup section */

/* Begin PBXNativeTarget section */
		2281D99E20C6E6A300830683 /* QRApp */ = {
			isa = PBXNativeTarget;
			buildConfigurationList = 2281D9CE20C6E6A300830683 /* Build configuration list for PBXNativeTarget "QRApp" */;
			buildPhases = (
				DDD116DA44C21FDFEEA7FAA2 /* [CP] Check Pods Manifest.lock */,
				2281D99B20C6E6A300830683 /* Sources */,
				2281D99C20C6E6A300830683 /* Frameworks */,
				2281D99D20C6E6A300830683 /* Resources */,
				64E2F4241B2989E02A828D62 /* [CP] Embed Pods Frameworks */,
				9F5838E92B3DC33F7F0BD16F /* [CP] Copy Pods Resources */,
			);
			buildRules = (
			);
			dependencies = (
			);
			name = QRApp;
			productName = QRApp;
			productReference = 2281D99F20C6E6A300830683 /* QRApp.app */;
			productType = "com.apple.product-type.application";
		};
		2281D9B920C6E6A300830683 /* QRAppTests */ = {
			isa = PBXNativeTarget;
			buildConfigurationList = 2281D9D120C6E6A300830683 /* Build configuration list for PBXNativeTarget "QRAppTests" */;
			buildPhases = (
				C8231CF8067EBAA386347AE0 /* [CP] Check Pods Manifest.lock */,
				2281D9B620C6E6A300830683 /* Sources */,
				2281D9B720C6E6A300830683 /* Frameworks */,
				2281D9B820C6E6A300830683 /* Resources */,
				A0F3EC912D064346A27CAA1A /* [CP] Embed Pods Frameworks */,
				454A56D184868DFB213C71E6 /* [CP] Copy Pods Resources */,
			);
			buildRules = (
			);
			dependencies = (
				2281D9BC20C6E6A300830683 /* PBXTargetDependency */,
			);
			name = QRAppTests;
			productName = QRAppTests;
			productReference = 2281D9BA20C6E6A300830683 /* QRAppTests.xctest */;
			productType = "com.apple.product-type.bundle.unit-test";
		};
		2281D9C420C6E6A300830683 /* QRAppUITests */ = {
			isa = PBXNativeTarget;
			buildConfigurationList = 2281D9D420C6E6A300830683 /* Build configuration list for PBXNativeTarget "QRAppUITests" */;
			buildPhases = (
				0EB4537B7EB429D004DA2F87 /* [CP] Check Pods Manifest.lock */,
				2281D9C120C6E6A300830683 /* Sources */,
				2281D9C220C6E6A300830683 /* Frameworks */,
				2281D9C320C6E6A300830683 /* Resources */,
				BFCEF9C636A4C8D58F5A1DF4 /* [CP] Embed Pods Frameworks */,
				7F7BADB4F6D6A936BE8406D8 /* [CP] Copy Pods Resources */,
			);
			buildRules = (
			);
			dependencies = (
				2281D9C720C6E6A300830683 /* PBXTargetDependency */,
			);
			name = QRAppUITests;
			productName = QRAppUITests;
			productReference = 2281D9C520C6E6A300830683 /* QRAppUITests.xctest */;
			productType = "com.apple.product-type.bundle.ui-testing";
		};
/* End PBXNativeTarget section */

/* Begin PBXProject section */
		2281D99720C6E6A300830683 /* Project object */ = {
			isa = PBXProject;
			attributes = {
				LastUpgradeCheck = 0920;
				ORGANIZATIONNAME = "Ricardo Rojas";
				TargetAttributes = {
					2281D99E20C6E6A300830683 = {
						CreatedOnToolsVersion = 9.2;
						ProvisioningStyle = Automatic;
					};
					2281D9B920C6E6A300830683 = {
						CreatedOnToolsVersion = 9.2;
						ProvisioningStyle = Automatic;
						TestTargetID = 2281D99E20C6E6A300830683;
					};
					2281D9C420C6E6A300830683 = {
						CreatedOnToolsVersion = 9.2;
						ProvisioningStyle = Automatic;
						TestTargetID = 2281D99E20C6E6A300830683;
					};
				};
			};
			buildConfigurationList = 2281D99A20C6E6A300830683 /* Build configuration list for PBXProject "QRApp" */;
			compatibilityVersion = "Xcode 8.0";
			developmentRegion = en;
			hasScannedForEncodings = 0;
			knownRegions = (
				en,
				Base,
			);
			mainGroup = 2281D99620C6E6A300830683;
			productRefGroup = 2281D9A020C6E6A300830683 /* Products */;
			projectDirPath = "";
			projectRoot = "";
			targets = (
				2281D99E20C6E6A300830683 /* QRApp */,
				2281D9B920C6E6A300830683 /* QRAppTests */,
				2281D9C420C6E6A300830683 /* QRAppUITests */,
			);
		};
/* End PBXProject section */

/* Begin PBXResourcesBuildPhase section */
		2281D99D20C6E6A300830683 /* Resources */ = {
			isa = PBXResourcesBuildPhase;
			buildActionMask = 2147483647;
			files = (
				22D802A420DEC466000785D2 /* RegisterUserModalViewController.xib in Resources */,
				2281D9B220C6E6A300830683 /* LaunchScreen.storyboard in Resources */,
				22C79FC820D01C40004EF7CF /* GetInfoViewController.xib in Resources */,
				22C79FAC20CEE650004EF7CF /* TableViewCell.xib in Resources */,
				2281D9AF20C6E6A300830683 /* Assets.xcassets in Resources */,
				2281D9AA20C6E6A300830683 /* Main.storyboard in Resources */,
				221A746120E06AAA00D7A010 /* GoogleService-Info.plist in Resources */,
			);
			runOnlyForDeploymentPostprocessing = 0;
		};
		2281D9B820C6E6A300830683 /* Resources */ = {
			isa = PBXResourcesBuildPhase;
			buildActionMask = 2147483647;
			files = (
				22C79FC920D01C40004EF7CF /* GetInfoViewController.xib in Resources */,
			);
			runOnlyForDeploymentPostprocessing = 0;
		};
		2281D9C320C6E6A300830683 /* Resources */ = {
			isa = PBXResourcesBuildPhase;
			buildActionMask = 2147483647;
			files = (
				22C79FCA20D01C40004EF7CF /* GetInfoViewController.xib in Resources */,
			);
			runOnlyForDeploymentPostprocessing = 0;
		};
/* End PBXResourcesBuildPhase section */

/* Begin PBXShellScriptBuildPhase section */
		0EB4537B7EB429D004DA2F87 /* [CP] Check Pods Manifest.lock */ = {
			isa = PBXShellScriptBuildPhase;
			buildActionMask = 2147483647;
			files = (
			);
			inputPaths = (
				"${PODS_PODFILE_DIR_PATH}/Podfile.lock",
				"${PODS_ROOT}/Manifest.lock",
			);
			name = "[CP] Check Pods Manifest.lock";
			outputPaths = (
				"$(DERIVED_FILE_DIR)/Pods-QRAppUITests-checkManifestLockResult.txt",
			);
			runOnlyForDeploymentPostprocessing = 0;
			shellPath = /bin/sh;
			shellScript = "diff \"${PODS_PODFILE_DIR_PATH}/Podfile.lock\" \"${PODS_ROOT}/Manifest.lock\" > /dev/null\nif [ $? != 0 ] ; then\n    # print error to STDERR\n    echo \"error: The sandbox is not in sync with the Podfile.lock. Run 'pod install' or update your CocoaPods installation.\" >&2\n    exit 1\nfi\n# This output is used by Xcode 'outputs' to avoid re-running this script phase.\necho \"SUCCESS\" > \"${SCRIPT_OUTPUT_FILE_0}\"\n";
			showEnvVarsInLog = 0;
		};
		454A56D184868DFB213C71E6 /* [CP] Copy Pods Resources */ = {
			isa = PBXShellScriptBuildPhase;
			buildActionMask = 2147483647;
			files = (
			);
			inputPaths = (
			);
			name = "[CP] Copy Pods Resources";
			outputPaths = (
			);
			runOnlyForDeploymentPostprocessing = 0;
			shellPath = /bin/sh;
			shellScript = "\"${SRCROOT}/Pods/Target Support Files/Pods-QRAppTests/Pods-QRAppTests-resources.sh\"\n";
			showEnvVarsInLog = 0;
		};
		64E2F4241B2989E02A828D62 /* [CP] Embed Pods Frameworks */ = {
			isa = PBXShellScriptBuildPhase;
			buildActionMask = 2147483647;
			files = (
			);
			inputPaths = (
			);
			name = "[CP] Embed Pods Frameworks";
			outputPaths = (
			);
			runOnlyForDeploymentPostprocessing = 0;
			shellPath = /bin/sh;
			shellScript = "\"${SRCROOT}/Pods/Target Support Files/Pods-QRApp/Pods-QRApp-frameworks.sh\"\n";
			showEnvVarsInLog = 0;
		};
		7F7BADB4F6D6A936BE8406D8 /* [CP] Copy Pods Resources */ = {
			isa = PBXShellScriptBuildPhase;
			buildActionMask = 2147483647;
			files = (
			);
			inputPaths = (
			);
			name = "[CP] Copy Pods Resources";
			outputPaths = (
			);
			runOnlyForDeploymentPostprocessing = 0;
			shellPath = /bin/sh;
			shellScript = "\"${SRCROOT}/Pods/Target Support Files/Pods-QRAppUITests/Pods-QRAppUITests-resources.sh\"\n";
			showEnvVarsInLog = 0;
		};
		9F5838E92B3DC33F7F0BD16F /* [CP] Copy Pods Resources */ = {
			isa = PBXShellScriptBuildPhase;
			buildActionMask = 2147483647;
			files = (
			);
			inputPaths = (
			);
			name = "[CP] Copy Pods Resources";
			outputPaths = (
			);
			runOnlyForDeploymentPostprocessing = 0;
			shellPath = /bin/sh;
			shellScript = "\"${SRCROOT}/Pods/Target Support Files/Pods-QRApp/Pods-QRApp-resources.sh\"\n";
			showEnvVarsInLog = 0;
		};
		A0F3EC912D064346A27CAA1A /* [CP] Embed Pods Frameworks */ = {
			isa = PBXShellScriptBuildPhase;
			buildActionMask = 2147483647;
			files = (
			);
			inputPaths = (
			);
			name = "[CP] Embed Pods Frameworks";
			outputPaths = (
			);
			runOnlyForDeploymentPostprocessing = 0;
			shellPath = /bin/sh;
			shellScript = "\"${SRCROOT}/Pods/Target Support Files/Pods-QRAppTests/Pods-QRAppTests-frameworks.sh\"\n";
			showEnvVarsInLog = 0;
		};
		BFCEF9C636A4C8D58F5A1DF4 /* [CP] Embed Pods Frameworks */ = {
			isa = PBXShellScriptBuildPhase;
			buildActionMask = 2147483647;
			files = (
			);
			inputPaths = (
			);
			name = "[CP] Embed Pods Frameworks";
			outputPaths = (
			);
			runOnlyForDeploymentPostprocessing = 0;
			shellPath = /bin/sh;
			shellScript = "\"${SRCROOT}/Pods/Target Support Files/Pods-QRAppUITests/Pods-QRAppUITests-frameworks.sh\"\n";
			showEnvVarsInLog = 0;
		};
		C8231CF8067EBAA386347AE0 /* [CP] Check Pods Manifest.lock */ = {
			isa = PBXShellScriptBuildPhase;
			buildActionMask = 2147483647;
			files = (
			);
			inputPaths = (
				"${PODS_PODFILE_DIR_PATH}/Podfile.lock",
				"${PODS_ROOT}/Manifest.lock",
			);
			name = "[CP] Check Pods Manifest.lock";
			outputPaths = (
				"$(DERIVED_FILE_DIR)/Pods-QRAppTests-checkManifestLockResult.txt",
			);
			runOnlyForDeploymentPostprocessing = 0;
			shellPath = /bin/sh;
			shellScript = "diff \"${PODS_PODFILE_DIR_PATH}/Podfile.lock\" \"${PODS_ROOT}/Manifest.lock\" > /dev/null\nif [ $? != 0 ] ; then\n    # print error to STDERR\n    echo \"error: The sandbox is not in sync with the Podfile.lock. Run 'pod install' or update your CocoaPods installation.\" >&2\n    exit 1\nfi\n# This output is used by Xcode 'outputs' to avoid re-running this script phase.\necho \"SUCCESS\" > \"${SCRIPT_OUTPUT_FILE_0}\"\n";
			showEnvVarsInLog = 0;
		};
		DDD116DA44C21FDFEEA7FAA2 /* [CP] Check Pods Manifest.lock */ = {
			isa = PBXShellScriptBuildPhase;
			buildActionMask = 2147483647;
			files = (
			);
			inputPaths = (
				"${PODS_PODFILE_DIR_PATH}/Podfile.lock",
				"${PODS_ROOT}/Manifest.lock",
			);
			name = "[CP] Check Pods Manifest.lock";
			outputPaths = (
				"$(DERIVED_FILE_DIR)/Pods-QRApp-checkManifestLockResult.txt",
			);
			runOnlyForDeploymentPostprocessing = 0;
			shellPath = /bin/sh;
			shellScript = "diff \"${PODS_PODFILE_DIR_PATH}/Podfile.lock\" \"${PODS_ROOT}/Manifest.lock\" > /dev/null\nif [ $? != 0 ] ; then\n    # print error to STDERR\n    echo \"error: The sandbox is not in sync with the Podfile.lock. Run 'pod install' or update your CocoaPods installation.\" >&2\n    exit 1\nfi\n# This output is used by Xcode 'outputs' to avoid re-running this script phase.\necho \"SUCCESS\" > \"${SCRIPT_OUTPUT_FILE_0}\"\n";
			showEnvVarsInLog = 0;
		};
/* End PBXShellScriptBuildPhase section */

/* Begin PBXSourcesBuildPhase section */
		2281D99B20C6E6A300830683 /* Sources */ = {
			isa = PBXSourcesBuildPhase;
			buildActionMask = 2147483647;
			files = (
				22CEF1B920C7804D00C08582 /* InitialViewController.m in Sources */,
				22D8029F20DEC2F0000785D2 /* UserModel.m in Sources */,
				222034F520CAFEF200B42153 /* AuditorModel.m in Sources */,
				222034FA20CBA5C500B42153 /* Barcode.m in Sources */,
				2220350B20CBA71900B42153 /* SettingsViewController.m in Sources */,
				221A746620E0718800D7A010 /* SpecificProductModel.m in Sources */,
				22CEF1A720C7065400C08582 /* QRCodeGenerator.m in Sources */,
				222034FF20CBA5FD00B42153 /* ScannerViewController.m in Sources */,
				22CEF1AA20C7065400C08582 /* NSString+Utils.m in Sources */,
				22D802A320DEC466000785D2 /* RegisterUserModalViewController.m in Sources */,
				22C79FAB20CEE650004EF7CF /* TableViewCell.m in Sources */,
				2220352420CCCB4900B42153 /* ProductModel.m in Sources */,
				2281D9AD20C6E6A300830683 /* QRApp.xcdatamodeld in Sources */,
				22D8029C20DDF77A000785D2 /* BarCodeModel.m in Sources */,
				22C79FC520D01C3F004EF7CF /* GetInfoViewController.m in Sources */,
				2281D9A720C6E6A300830683 /* ViewController.m in Sources */,
				2220351F20CCC99900B42153 /* InspectionModel.m in Sources */,
				22CEF1AD20C7065400C08582 /* CIColor+QRCode.m in Sources */,
				2281D9B520C6E6A300830683 /* main.m in Sources */,
				22CEF1BD20C7A2AC00C08582 /* ItemViewController.m in Sources */,
				2220351A20CCC84E00B42153 /* CoreDataManager.m in Sources */,
				221A746B20E0BCAB00D7A010 /* ConfirmViewController.m in Sources */,
				2281D9A420C6E6A300830683 /* AppDelegate.m in Sources */,
				221A746720E0718800D7A010 /* GenericProductModel.m in Sources */,
				22CEF1C320C7A36500C08582 /* AuditoriaViewController.m in Sources */,
				221A745F20E06A9400D7A010 /* FireBaseManager.m in Sources */,
				22CEF1C620C7A37500C08582 /* SuccessViewController.m in Sources */,
				22CEF1B420C7801900C08582 /* RegisterProductViewController.m in Sources */,
				2220351220CC100700B42153 /* InspectionViewController.m in Sources */,
				22C79FB020CF750A004EF7CF /* ERProgressHud.m in Sources */,
			);
			runOnlyForDeploymentPostprocessing = 0;
		};
		2281D9B620C6E6A300830683 /* Sources */ = {
			isa = PBXSourcesBuildPhase;
			buildActionMask = 2147483647;
			files = (
				22C79FB120CF750A004EF7CF /* ERProgressHud.m in Sources */,
				2220352020CCC99900B42153 /* InspectionModel.m in Sources */,
				2281D9BF20C6E6A300830683 /* QRAppTests.m in Sources */,
				22CEF1AB20C7065400C08582 /* NSString+Utils.m in Sources */,
				2220351B20CCC84E00B42153 /* CoreDataManager.m in Sources */,
				2220350020CBA5FD00B42153 /* ScannerViewController.m in Sources */,
				2220350C20CBA71900B42153 /* SettingsViewController.m in Sources */,
				22C79FC620D01C40004EF7CF /* GetInfoViewController.m in Sources */,
				22CEF1A820C7065400C08582 /* QRCodeGenerator.m in Sources */,
				2220352520CCCB4900B42153 /* ProductModel.m in Sources */,
				22CEF1AE20C7065400C08582 /* CIColor+QRCode.m in Sources */,
				222034FB20CBA5C500B42153 /* Barcode.m in Sources */,
				2220351320CC100700B42153 /* InspectionViewController.m in Sources */,
				222034F620CAFEF200B42153 /* AuditorModel.m in Sources */,
			);
			runOnlyForDeploymentPostprocessing = 0;
		};
		2281D9C120C6E6A300830683 /* Sources */ = {
			isa = PBXSourcesBuildPhase;
			buildActionMask = 2147483647;
			files = (
				22C79FB220CF750A004EF7CF /* ERProgressHud.m in Sources */,
				2220352120CCC99900B42153 /* InspectionModel.m in Sources */,
				2281D9CA20C6E6A300830683 /* QRAppUITests.m in Sources */,
				22CEF1AC20C7065400C08582 /* NSString+Utils.m in Sources */,
				2220351C20CCC84E00B42153 /* CoreDataManager.m in Sources */,
				2220350120CBA5FD00B42153 /* ScannerViewController.m in Sources */,
				2220350D20CBA71900B42153 /* SettingsViewController.m in Sources */,
				22C79FC720D01C40004EF7CF /* GetInfoViewController.m in Sources */,
				22CEF1A920C7065400C08582 /* QRCodeGenerator.m in Sources */,
				2220352620CCCB4900B42153 /* ProductModel.m in Sources */,
				22CEF1AF20C7065400C08582 /* CIColor+QRCode.m in Sources */,
				222034FC20CBA5C500B42153 /* Barcode.m in Sources */,
				2220351420CC100700B42153 /* InspectionViewController.m in Sources */,
				222034F720CAFEF200B42153 /* AuditorModel.m in Sources */,
			);
			runOnlyForDeploymentPostprocessing = 0;
		};
/* End PBXSourcesBuildPhase section */

/* Begin PBXTargetDependency section */
		2281D9BC20C6E6A300830683 /* PBXTargetDependency */ = {
			isa = PBXTargetDependency;
			target = 2281D99E20C6E6A300830683 /* QRApp */;
			targetProxy = 2281D9BB20C6E6A300830683 /* PBXContainerItemProxy */;
		};
		2281D9C720C6E6A300830683 /* PBXTargetDependency */ = {
			isa = PBXTargetDependency;
			target = 2281D99E20C6E6A300830683 /* QRApp */;
			targetProxy = 2281D9C620C6E6A300830683 /* PBXContainerItemProxy */;
		};
/* End PBXTargetDependency section */

/* Begin PBXVariantGroup section */
		2281D9A820C6E6A300830683 /* Main.storyboard */ = {
			isa = PBXVariantGroup;
			children = (
				2281D9A920C6E6A300830683 /* Base */,
			);
			name = Main.storyboard;
			sourceTree = "<group>";
		};
		2281D9B020C6E6A300830683 /* LaunchScreen.storyboard */ = {
			isa = PBXVariantGroup;
			children = (
				2281D9B120C6E6A300830683 /* Base */,
			);
			name = LaunchScreen.storyboard;
			sourceTree = "<group>";
		};
/* End PBXVariantGroup section */

/* Begin XCBuildConfiguration section */
		2281D9CC20C6E6A300830683 /* Debug */ = {
			isa = XCBuildConfiguration;
			buildSettings = {
				ALWAYS_SEARCH_USER_PATHS = NO;
				CLANG_ANALYZER_NONNULL = YES;
				CLANG_ANALYZER_NUMBER_OBJECT_CONVERSION = YES_AGGRESSIVE;
				CLANG_CXX_LANGUAGE_STANDARD = "gnu++14";
				CLANG_CXX_LIBRARY = "libc++";
				CLANG_ENABLE_MODULES = YES;
				CLANG_ENABLE_OBJC_ARC = YES;
				CLANG_WARN_BLOCK_CAPTURE_AUTORELEASING = YES;
				CLANG_WARN_BOOL_CONVERSION = YES;
				CLANG_WARN_COMMA = YES;
				CLANG_WARN_CONSTANT_CONVERSION = YES;
				CLANG_WARN_DIRECT_OBJC_ISA_USAGE = YES_ERROR;
				CLANG_WARN_DOCUMENTATION_COMMENTS = YES;
				CLANG_WARN_EMPTY_BODY = YES;
				CLANG_WARN_ENUM_CONVERSION = YES;
				CLANG_WARN_INFINITE_RECURSION = YES;
				CLANG_WARN_INT_CONVERSION = YES;
				CLANG_WARN_NON_LITERAL_NULL_CONVERSION = YES;
				CLANG_WARN_OBJC_LITERAL_CONVERSION = YES;
				CLANG_WARN_OBJC_ROOT_CLASS = YES_ERROR;
				CLANG_WARN_RANGE_LOOP_ANALYSIS = YES;
				CLANG_WARN_STRICT_PROTOTYPES = YES;
				CLANG_WARN_SUSPICIOUS_MOVE = YES;
				CLANG_WARN_UNGUARDED_AVAILABILITY = YES_AGGRESSIVE;
				CLANG_WARN_UNREACHABLE_CODE = YES;
				CLANG_WARN__DUPLICATE_METHOD_MATCH = YES;
				CODE_SIGN_IDENTITY = "iPhone Developer";
				COPY_PHASE_STRIP = NO;
				DEBUG_INFORMATION_FORMAT = dwarf;
				ENABLE_STRICT_OBJC_MSGSEND = YES;
				ENABLE_TESTABILITY = YES;
				GCC_C_LANGUAGE_STANDARD = gnu11;
				GCC_DYNAMIC_NO_PIC = NO;
				GCC_NO_COMMON_BLOCKS = YES;
				GCC_OPTIMIZATION_LEVEL = 0;
				GCC_PREPROCESSOR_DEFINITIONS = (
					"DEBUG=1",
					"$(inherited)",
				);
				GCC_WARN_64_TO_32_BIT_CONVERSION = YES;
				GCC_WARN_ABOUT_RETURN_TYPE = YES_ERROR;
				GCC_WARN_UNDECLARED_SELECTOR = YES;
				GCC_WARN_UNINITIALIZED_AUTOS = YES_AGGRESSIVE;
				GCC_WARN_UNUSED_FUNCTION = YES;
				GCC_WARN_UNUSED_VARIABLE = YES;
				IPHONEOS_DEPLOYMENT_TARGET = 11.2;
				MTL_ENABLE_DEBUG_INFO = YES;
				ONLY_ACTIVE_ARCH = YES;
				SDKROOT = iphoneos;
			};
			name = Debug;
		};
		2281D9CD20C6E6A300830683 /* Release */ = {
			isa = XCBuildConfiguration;
			buildSettings = {
				ALWAYS_SEARCH_USER_PATHS = NO;
				CLANG_ANALYZER_NONNULL = YES;
				CLANG_ANALYZER_NUMBER_OBJECT_CONVERSION = YES_AGGRESSIVE;
				CLANG_CXX_LANGUAGE_STANDARD = "gnu++14";
				CLANG_CXX_LIBRARY = "libc++";
				CLANG_ENABLE_MODULES = YES;
				CLANG_ENABLE_OBJC_ARC = YES;
				CLANG_WARN_BLOCK_CAPTURE_AUTORELEASING = YES;
				CLANG_WARN_BOOL_CONVERSION = YES;
				CLANG_WARN_COMMA = YES;
				CLANG_WARN_CONSTANT_CONVERSION = YES;
				CLANG_WARN_DIRECT_OBJC_ISA_USAGE = YES_ERROR;
				CLANG_WARN_DOCUMENTATION_COMMENTS = YES;
				CLANG_WARN_EMPTY_BODY = YES;
				CLANG_WARN_ENUM_CONVERSION = YES;
				CLANG_WARN_INFINITE_RECURSION = YES;
				CLANG_WARN_INT_CONVERSION = YES;
				CLANG_WARN_NON_LITERAL_NULL_CONVERSION = YES;
				CLANG_WARN_OBJC_LITERAL_CONVERSION = YES;
				CLANG_WARN_OBJC_ROOT_CLASS = YES_ERROR;
				CLANG_WARN_RANGE_LOOP_ANALYSIS = YES;
				CLANG_WARN_STRICT_PROTOTYPES = YES;
				CLANG_WARN_SUSPICIOUS_MOVE = YES;
				CLANG_WARN_UNGUARDED_AVAILABILITY = YES_AGGRESSIVE;
				CLANG_WARN_UNREACHABLE_CODE = YES;
				CLANG_WARN__DUPLICATE_METHOD_MATCH = YES;
				CODE_SIGN_IDENTITY = "iPhone Developer";
				COPY_PHASE_STRIP = NO;
				DEBUG_INFORMATION_FORMAT = "dwarf-with-dsym";
				ENABLE_NS_ASSERTIONS = NO;
				ENABLE_STRICT_OBJC_MSGSEND = YES;
				GCC_C_LANGUAGE_STANDARD = gnu11;
				GCC_NO_COMMON_BLOCKS = YES;
				GCC_WARN_64_TO_32_BIT_CONVERSION = YES;
				GCC_WARN_ABOUT_RETURN_TYPE = YES_ERROR;
				GCC_WARN_UNDECLARED_SELECTOR = YES;
				GCC_WARN_UNINITIALIZED_AUTOS = YES_AGGRESSIVE;
				GCC_WARN_UNUSED_FUNCTION = YES;
				GCC_WARN_UNUSED_VARIABLE = YES;
				IPHONEOS_DEPLOYMENT_TARGET = 11.2;
				MTL_ENABLE_DEBUG_INFO = NO;
				SDKROOT = iphoneos;
				VALIDATE_PRODUCT = YES;
			};
			name = Release;
		};
		2281D9CF20C6E6A300830683 /* Debug */ = {
			isa = XCBuildConfiguration;
			baseConfigurationReference = B0B5CAFD7087C28148BD060D /* Pods-QRApp.debug.xcconfig */;
			buildSettings = {
				ASSETCATALOG_COMPILER_APPICON_NAME = AppIcon;
				CODE_SIGN_STYLE = Automatic;
				DEVELOPMENT_TEAM = VU2354FNYC;
				FRAMEWORK_SEARCH_PATHS = (
					"$(inherited)",
					"$(PROJECT_DIR)",
				);
				INFOPLIST_FILE = QRApp/Info.plist;
				IPHONEOS_DEPLOYMENT_TARGET = 8.4;
				LD_RUNPATH_SEARCH_PATHS = "$(inherited) @executable_path/Frameworks";
				PRODUCT_BUNDLE_IDENTIFIER = propio.QRApp;
				PRODUCT_NAME = "$(TARGET_NAME)";
				TARGETED_DEVICE_FAMILY = 2;
			};
			name = Debug;
		};
		2281D9D020C6E6A300830683 /* Release */ = {
			isa = XCBuildConfiguration;
			baseConfigurationReference = B4A6EBF4DC12514978CA2297 /* Pods-QRApp.release.xcconfig */;
			buildSettings = {
				ASSETCATALOG_COMPILER_APPICON_NAME = AppIcon;
				CODE_SIGN_STYLE = Automatic;
				DEVELOPMENT_TEAM = VU2354FNYC;
				FRAMEWORK_SEARCH_PATHS = (
					"$(inherited)",
					"$(PROJECT_DIR)",
				);
				INFOPLIST_FILE = QRApp/Info.plist;
				IPHONEOS_DEPLOYMENT_TARGET = 8.4;
				LD_RUNPATH_SEARCH_PATHS = "$(inherited) @executable_path/Frameworks";
				PRODUCT_BUNDLE_IDENTIFIER = propio.QRApp;
				PRODUCT_NAME = "$(TARGET_NAME)";
				TARGETED_DEVICE_FAMILY = 2;
			};
			name = Release;
		};
		2281D9D220C6E6A300830683 /* Debug */ = {
			isa = XCBuildConfiguration;
			baseConfigurationReference = 255B6DE389BDAA927A80DA10 /* Pods-QRAppTests.debug.xcconfig */;
			buildSettings = {
				BUNDLE_LOADER = "$(TEST_HOST)";
				CODE_SIGN_STYLE = Automatic;
				FRAMEWORK_SEARCH_PATHS = (
					"$(inherited)",
					"$(PROJECT_DIR)",
				);
				INFOPLIST_FILE = QRAppTests/Info.plist;
				LD_RUNPATH_SEARCH_PATHS = "$(inherited) @executable_path/Frameworks @loader_path/Frameworks";
				PRODUCT_BUNDLE_IDENTIFIER = propio.QRAppTests;
				PRODUCT_NAME = "$(TARGET_NAME)";
				TARGETED_DEVICE_FAMILY = "1,2";
				TEST_HOST = "$(BUILT_PRODUCTS_DIR)/QRApp.app/QRApp";
			};
			name = Debug;
		};
		2281D9D320C6E6A300830683 /* Release */ = {
			isa = XCBuildConfiguration;
			baseConfigurationReference = 2A5C61D32705877B8E9BAD74 /* Pods-QRAppTests.release.xcconfig */;
			buildSettings = {
				BUNDLE_LOADER = "$(TEST_HOST)";
				CODE_SIGN_STYLE = Automatic;
				FRAMEWORK_SEARCH_PATHS = (
					"$(inherited)",
					"$(PROJECT_DIR)",
				);
				INFOPLIST_FILE = QRAppTests/Info.plist;
				LD_RUNPATH_SEARCH_PATHS = "$(inherited) @executable_path/Frameworks @loader_path/Frameworks";
				PRODUCT_BUNDLE_IDENTIFIER = propio.QRAppTests;
				PRODUCT_NAME = "$(TARGET_NAME)";
				TARGETED_DEVICE_FAMILY = "1,2";
				TEST_HOST = "$(BUILT_PRODUCTS_DIR)/QRApp.app/QRApp";
			};
			name = Release;
		};
		2281D9D520C6E6A300830683 /* Debug */ = {
			isa = XCBuildConfiguration;
			baseConfigurationReference = 6EE284A58353D5C5D85C161E /* Pods-QRAppUITests.debug.xcconfig */;
			buildSettings = {
				CODE_SIGN_STYLE = Automatic;
				FRAMEWORK_SEARCH_PATHS = (
					"$(inherited)",
					"$(PROJECT_DIR)",
				);
				INFOPLIST_FILE = QRAppUITests/Info.plist;
				LD_RUNPATH_SEARCH_PATHS = "$(inherited) @executable_path/Frameworks @loader_path/Frameworks";
				PRODUCT_BUNDLE_IDENTIFIER = propio.QRAppUITests;
				PRODUCT_NAME = "$(TARGET_NAME)";
				TARGETED_DEVICE_FAMILY = "1,2";
				TEST_TARGET_NAME = QRApp;
			};
			name = Debug;
		};
		2281D9D620C6E6A300830683 /* Release */ = {
			isa = XCBuildConfiguration;
			baseConfigurationReference = C9348A1A7CDE665C239642D9 /* Pods-QRAppUITests.release.xcconfig */;
			buildSettings = {
				CODE_SIGN_STYLE = Automatic;
				FRAMEWORK_SEARCH_PATHS = (
					"$(inherited)",
					"$(PROJECT_DIR)",
				);
				INFOPLIST_FILE = QRAppUITests/Info.plist;
				LD_RUNPATH_SEARCH_PATHS = "$(inherited) @executable_path/Frameworks @loader_path/Frameworks";
				PRODUCT_BUNDLE_IDENTIFIER = propio.QRAppUITests;
				PRODUCT_NAME = "$(TARGET_NAME)";
				TARGETED_DEVICE_FAMILY = "1,2";
				TEST_TARGET_NAME = QRApp;
			};
			name = Release;
		};
/* End XCBuildConfiguration section */

/* Begin XCConfigurationList section */
		2281D99A20C6E6A300830683 /* Build configuration list for PBXProject "QRApp" */ = {
			isa = XCConfigurationList;
			buildConfigurations = (
				2281D9CC20C6E6A300830683 /* Debug */,
				2281D9CD20C6E6A300830683 /* Release */,
			);
			defaultConfigurationIsVisible = 0;
			defaultConfigurationName = Release;
		};
		2281D9CE20C6E6A300830683 /* Build configuration list for PBXNativeTarget "QRApp" */ = {
			isa = XCConfigurationList;
			buildConfigurations = (
				2281D9CF20C6E6A300830683 /* Debug */,
				2281D9D020C6E6A300830683 /* Release */,
			);
			defaultConfigurationIsVisible = 0;
			defaultConfigurationName = Release;
		};
		2281D9D120C6E6A300830683 /* Build configuration list for PBXNativeTarget "QRAppTests" */ = {
			isa = XCConfigurationList;
			buildConfigurations = (
				2281D9D220C6E6A300830683 /* Debug */,
				2281D9D320C6E6A300830683 /* Release */,
			);
			defaultConfigurationIsVisible = 0;
			defaultConfigurationName = Release;
		};
		2281D9D420C6E6A300830683 /* Build configuration list for PBXNativeTarget "QRAppUITests" */ = {
			isa = XCConfigurationList;
			buildConfigurations = (
				2281D9D520C6E6A300830683 /* Debug */,
				2281D9D620C6E6A300830683 /* Release */,
			);
			defaultConfigurationIsVisible = 0;
			defaultConfigurationName = Release;
		};
/* End XCConfigurationList section */

/* Begin XCVersionGroup section */
		2281D9AB20C6E6A300830683 /* QRApp.xcdatamodeld */ = {
			isa = XCVersionGroup;
			children = (
				2281D9AC20C6E6A300830683 /* QRApp.xcdatamodel */,
			);
			currentVersion = 2281D9AC20C6E6A300830683 /* QRApp.xcdatamodel */;
			path = QRApp.xcdatamodeld;
			sourceTree = "<group>";
			versionGroupType = wrapper.xcdatamodel;
		};
/* End XCVersionGroup section */
	};
	rootObject = 2281D99720C6E6A300830683 /* Project object */;
}
